// !$*UTF8*$!
{
	archiveVersion = 1;
	classes = {
	};
	objectVersion = 50;
	objects = {

/* Begin PBXBuildFile section */
		46FC8DB125F41D200009E536 /* AppDelegate.swift in Sources */ = {isa = PBXBuildFile; fileRef = 46FC8DB025F41D200009E536 /* AppDelegate.swift */; };
		46FC8DB325F41D200009E536 /* SceneDelegate.swift in Sources */ = {isa = PBXBuildFile; fileRef = 46FC8DB225F41D200009E536 /* SceneDelegate.swift */; };
		46FC8DB525F41D200009E536 /* ViewController.swift in Sources */ = {isa = PBXBuildFile; fileRef = 46FC8DB425F41D200009E536 /* ViewController.swift */; };
		46FC8DB825F41D200009E536 /* Main.storyboard in Resources */ = {isa = PBXBuildFile; fileRef = 46FC8DB625F41D200009E536 /* Main.storyboard */; };
		46FC8DBA25F41D200009E536 /* Assets.xcassets in Resources */ = {isa = PBXBuildFile; fileRef = 46FC8DB925F41D200009E536 /* Assets.xcassets */; };
		46FC8DBD25F41D200009E536 /* LaunchScreen.storyboard in Resources */ = {isa = PBXBuildFile; fileRef = 46FC8DBB25F41D200009E536 /* LaunchScreen.storyboard */; };
		46FC8DC825F41D200009E536 /* Lab08_TableViewTests.swift in Sources */ = {isa = PBXBuildFile; fileRef = 46FC8DC725F41D200009E536 /* Lab08_TableViewTests.swift */; };
		46FC8DD325F41D200009E536 /* Lab08_TableViewUITests.swift in Sources */ = {isa = PBXBuildFile; fileRef = 46FC8DD225F41D200009E536 /* Lab08_TableViewUITests.swift */; };
		46FC8DE425F55DE40009E536 /* PokerTableViewCell.swift in Sources */ = {isa = PBXBuildFile; fileRef = 46FC8DE325F55DE40009E536 /* PokerTableViewCell.swift */; };
/* End PBXBuildFile section */

/* Begin PBXContainerItemProxy section */
		46FC8DC425F41D200009E536 /* PBXContainerItemProxy */ = {
			isa = PBXContainerItemProxy;
			containerPortal = 46FC8DA525F41D200009E536 /* Project object */;
			proxyType = 1;
			remoteGlobalIDString = 46FC8DAC25F41D200009E536;
			remoteInfo = "Lab08-TableView";
		};
		46FC8DCF25F41D200009E536 /* PBXContainerItemProxy */ = {
			isa = PBXContainerItemProxy;
			containerPortal = 46FC8DA525F41D200009E536 /* Project object */;
			proxyType = 1;
			remoteGlobalIDString = 46FC8DAC25F41D200009E536;
			remoteInfo = "Lab08-TableView";
		};
/* End PBXContainerItemProxy section */

/* Begin PBXFileReference section */
		46FC8DAD25F41D200009E536 /* Lab08-TableView.app */ = {isa = PBXFileReference; explicitFileType = wrapper.application; includeInIndex = 0; path = "Lab08-TableView.app"; sourceTree = BUILT_PRODUCTS_DIR; };
		46FC8DB025F41D200009E536 /* AppDelegate.swift */ = {isa = PBXFileReference; lastKnownFileType = sourcecode.swift; path = AppDelegate.swift; sourceTree = "<group>"; };
		46FC8DB225F41D200009E536 /* SceneDelegate.swift */ = {isa = PBXFileReference; lastKnownFileType = sourcecode.swift; path = SceneDelegate.swift; sourceTree = "<group>"; };
		46FC8DB425F41D200009E536 /* ViewController.swift */ = {isa = PBXFileReference; lastKnownFileType = sourcecode.swift; path = ViewController.swift; sourceTree = "<group>"; };
		46FC8DB725F41D200009E536 /* Base */ = {isa = PBXFileReference; lastKnownFileType = file.storyboard; name = Base; path = Base.lproj/Main.storyboard; sourceTree = "<group>"; };
		46FC8DB925F41D200009E536 /* Assets.xcassets */ = {isa = PBXFileReference; lastKnownFileType = folder.assetcatalog; path = Assets.xcassets; sourceTree = "<group>"; };
		46FC8DBC25F41D200009E536 /* Base */ = {isa = PBXFileReference; lastKnownFileType = file.storyboard; name = Base; path = Base.lproj/LaunchScreen.storyboard; sourceTree = "<group>"; };
		46FC8DBE25F41D200009E536 /* Info.plist */ = {isa = PBXFileReference; lastKnownFileType = text.plist.xml; path = Info.plist; sourceTree = "<group>"; };
		46FC8DC325F41D200009E536 /* Lab08-TableViewTests.xctest */ = {isa = PBXFileReference; explicitFileType = wrapper.cfbundle; includeInIndex = 0; path = "Lab08-TableViewTests.xctest"; sourceTree = BUILT_PRODUCTS_DIR; };
		46FC8DC725F41D200009E536 /* Lab08_TableViewTests.swift */ = {isa = PBXFileReference; lastKnownFileType = sourcecode.swift; path = Lab08_TableViewTests.swift; sourceTree = "<group>"; };
		46FC8DC925F41D200009E536 /* Info.plist */ = {isa = PBXFileReference; lastKnownFileType = text.plist.xml; path = Info.plist; sourceTree = "<group>"; };
		46FC8DCE25F41D200009E536 /* Lab08-TableViewUITests.xctest */ = {isa = PBXFileReference; explicitFileType = wrapper.cfbundle; includeInIndex = 0; path = "Lab08-TableViewUITests.xctest"; sourceTree = BUILT_PRODUCTS_DIR; };
		46FC8DD225F41D200009E536 /* Lab08_TableViewUITests.swift */ = {isa = PBXFileReference; lastKnownFileType = sourcecode.swift; path = Lab08_TableViewUITests.swift; sourceTree = "<group>"; };
		46FC8DD425F41D200009E536 /* Info.plist */ = {isa = PBXFileReference; lastKnownFileType = text.plist.xml; path = Info.plist; sourceTree = "<group>"; };
		46FC8DE325F55DE40009E536 /* PokerTableViewCell.swift */ = {isa = PBXFileReference; lastKnownFileType = sourcecode.swift; path = PokerTableViewCell.swift; sourceTree = "<group>"; };
/* End PBXFileReference section */

/* Begin PBXFrameworksBuildPhase section */
		46FC8DAA25F41D200009E536 /* Frameworks */ = {
			isa = PBXFrameworksBuildPhase;
			buildActionMask = 2147483647;
			files = (
			);
			runOnlyForDeploymentPostprocessing = 0;
		};
		46FC8DC025F41D200009E536 /* Frameworks */ = {
			isa = PBXFrameworksBuildPhase;
			buildActionMask = 2147483647;
			files = (
			);
			runOnlyForDeploymentPostprocessing = 0;
		};
		46FC8DCB25F41D200009E536 /* Frameworks */ = {
			isa = PBXFrameworksBuildPhase;
			buildActionMask = 2147483647;
			files = (
			);
			runOnlyForDeploymentPostprocessing = 0;
		};
/* End PBXFrameworksBuildPhase section */

/* Begin PBXGroup section */
		46FC8DA425F41D200009E536 = {
			isa = PBXGroup;
			children = (
				46FC8DAF25F41D200009E536 /* Lab08-TableView */,
				46FC8DC625F41D200009E536 /* Lab08-TableViewTests */,
				46FC8DD125F41D200009E536 /* Lab08-TableViewUITests */,
				46FC8DAE25F41D200009E536 /* Products */,
			);
			sourceTree = "<group>";
		};
		46FC8DAE25F41D200009E536 /* Products */ = {
			isa = PBXGroup;
			children = (
				46FC8DAD25F41D200009E536 /* Lab08-TableView.app */,
				46FC8DC325F41D200009E536 /* Lab08-TableViewTests.xctest */,
				46FC8DCE25F41D200009E536 /* Lab08-TableViewUITests.xctest */,
			);
			name = Products;
			sourceTree = "<group>";
		};
		46FC8DAF25F41D200009E536 /* Lab08-TableView */ = {
			isa = PBXGroup;
			children = (
				46FC8DB025F41D200009E536 /* AppDelegate.swift */,
				46FC8DB225F41D200009E536 /* SceneDelegate.swift */,
				46FC8DB425F41D200009E536 /* ViewController.swift */,
				46FC8DB625F41D200009E536 /* Main.storyboard */,
				46FC8DB925F41D200009E536 /* Assets.xcassets */,
				46FC8DBB25F41D200009E536 /* LaunchScreen.storyboard */,
				46FC8DBE25F41D200009E536 /* Info.plist */,
				46FC8DE325F55DE40009E536 /* PokerTableViewCell.swift */,
			);
			path = "Lab08-TableView";
			sourceTree = "<group>";
		};
		46FC8DC625F41D200009E536 /* Lab08-TableViewTests */ = {
			isa = PBXGroup;
			children = (
				46FC8DC725F41D200009E536 /* Lab08_TableViewTests.swift */,
				46FC8DC925F41D200009E536 /* Info.plist */,
			);
			path = "Lab08-TableViewTests";
			sourceTree = "<group>";
		};
		46FC8DD125F41D200009E536 /* Lab08-TableViewUITests */ = {
			isa = PBXGroup;
			children = (
				46FC8DD225F41D200009E536 /* Lab08_TableViewUITests.swift */,
				46FC8DD425F41D200009E536 /* Info.plist */,
			);
			path = "Lab08-TableViewUITests";
			sourceTree = "<group>";
		};
/* End PBXGroup section */

/* Begin PBXNativeTarget section */
		46FC8DAC25F41D200009E536 /* Lab08-TableView */ = {
			isa = PBXNativeTarget;
			buildConfigurationList = 46FC8DD725F41D200009E536 /* Build configuration list for PBXNativeTarget "Lab08-TableView" */;
			buildPhases = (
				46FC8DA925F41D200009E536 /* Sources */,
				46FC8DAA25F41D200009E536 /* Frameworks */,
				46FC8DAB25F41D200009E536 /* Resources */,
			);
			buildRules = (
			);
			dependencies = (
			);
			name = "Lab08-TableView";
			productName = "Lab08-TableView";
			productReference = 46FC8DAD25F41D200009E536 /* Lab08-TableView.app */;
			productType = "com.apple.product-type.application";
		};
		46FC8DC225F41D200009E536 /* Lab08-TableViewTests */ = {
			isa = PBXNativeTarget;
			buildConfigurationList = 46FC8DDA25F41D200009E536 /* Build configuration list for PBXNativeTarget "Lab08-TableViewTests" */;
			buildPhases = (
				46FC8DBF25F41D200009E536 /* Sources */,
				46FC8DC025F41D200009E536 /* Frameworks */,
				46FC8DC125F41D200009E536 /* Resources */,
			);
			buildRules = (
			);
			dependencies = (
				46FC8DC525F41D200009E536 /* PBXTargetDependency */,
			);
			name = "Lab08-TableViewTests";
			productName = "Lab08-TableViewTests";
			productReference = 46FC8DC325F41D200009E536 /* Lab08-TableViewTests.xctest */;
			productType = "com.apple.product-type.bundle.unit-test";
		};
		46FC8DCD25F41D200009E536 /* Lab08-TableViewUITests */ = {
			isa = PBXNativeTarget;
			buildConfigurationList = 46FC8DDD25F41D200009E536 /* Build configuration list for PBXNativeTarget "Lab08-TableViewUITests" */;
			buildPhases = (
				46FC8DCA25F41D200009E536 /* Sources */,
				46FC8DCB25F41D200009E536 /* Frameworks */,
				46FC8DCC25F41D200009E536 /* Resources */,
			);
			buildRules = (
			);
			dependencies = (
				46FC8DD025F41D200009E536 /* PBXTargetDependency */,
			);
			name = "Lab08-TableViewUITests";
			productName = "Lab08-TableViewUITests";
			productReference = 46FC8DCE25F41D200009E536 /* Lab08-TableViewUITests.xctest */;
			productType = "com.apple.product-type.bundle.ui-testing";
		};
/* End PBXNativeTarget section */

/* Begin PBXProject section */
		46FC8DA525F41D200009E536 /* Project object */ = {
			isa = PBXProject;
			attributes = {
				LastSwiftUpdateCheck = 1240;
				LastUpgradeCheck = 1240;
				TargetAttributes = {
					46FC8DAC25F41D200009E536 = {
						CreatedOnToolsVersion = 12.4;
					};
					46FC8DC225F41D200009E536 = {
						CreatedOnToolsVersion = 12.4;
						TestTargetID = 46FC8DAC25F41D200009E536;
					};
					46FC8DCD25F41D200009E536 = {
						CreatedOnToolsVersion = 12.4;
						TestTargetID = 46FC8DAC25F41D200009E536;
					};
				};
			};
			buildConfigurationList = 46FC8DA825F41D200009E536 /* Build configuration list for PBXProject "Lab08-TableView" */;
			compatibilityVersion = "Xcode 9.3";
			developmentRegion = en;
			hasScannedForEncodings = 0;
			knownRegions = (
				en,
				Base,
			);
			mainGroup = 46FC8DA425F41D200009E536;
			productRefGroup = 46FC8DAE25F41D200009E536 /* Products */;
			projectDirPath = "";
			projectRoot = "";
			targets = (
				46FC8DAC25F41D200009E536 /* Lab08-TableView */,
				46FC8DC225F41D200009E536 /* Lab08-TableViewTests */,
				46FC8DCD25F41D200009E536 /* Lab08-TableViewUITests */,
			);
		};
/* End PBXProject section */

/* Begin PBXResourcesBuildPhase section */
		46FC8DAB25F41D200009E536 /* Resources */ = {
			isa = PBXResourcesBuildPhase;
			buildActionMask = 2147483647;
			files = (
				46FC8DBD25F41D200009E536 /* LaunchScreen.storyboard in Resources */,
				46FC8DBA25F41D200009E536 /* Assets.xcassets in Resources */,
				46FC8DB825F41D200009E536 /* Main.storyboard in Resources */,
			);
			runOnlyForDeploymentPostprocessing = 0;
		};
		46FC8DC125F41D200009E536 /* Resources */ = {
			isa = PBXResourcesBuildPhase;
			buildActionMask = 2147483647;
			files = (
			);
			runOnlyForDeploymentPostprocessing = 0;
		};
		46FC8DCC25F41D200009E536 /* Resources */ = {
			isa = PBXResourcesBuildPhase;
			buildActionMask = 2147483647;
			files = (
			);
			runOnlyForDeploymentPostprocessing = 0;
		};
/* End PBXResourcesBuildPhase section */

/* Begin PBXSourcesBuildPhase section */
		46FC8DA925F41D200009E536 /* Sources */ = {
			isa = PBXSourcesBuildPhase;
			buildActionMask = 2147483647;
			files = (
				46FC8DB525F41D200009E536 /* ViewController.swift in Sources */,
				46FC8DB125F41D200009E536 /* AppDelegate.swift in Sources */,
				46FC8DB325F41D200009E536 /* SceneDelegate.swift in Sources */,
				46FC8DE425F55DE40009E536 /* PokerTableViewCell.swift in Sources */,
			);
			runOnlyForDeploymentPostprocessing = 0;
		};
		46FC8DBF25F41D200009E536 /* Sources */ = {
			isa = PBXSourcesBuildPhase;
			buildActionMask = 2147483647;
			files = (
				46FC8DC825F41D200009E536 /* Lab08_TableViewTests.swift in Sources */,
			);
			runOnlyForDeploymentPostprocessing = 0;
		};
		46FC8DCA25F41D200009E536 /* Sources */ = {
			isa = PBXSourcesBuildPhase;
			buildActionMask = 2147483647;
			files = (
				46FC8DD325F41D200009E536 /* Lab08_TableViewUITests.swift in Sources */,
			);
			runOnlyForDeploymentPostprocessing = 0;
		};
/* End PBXSourcesBuildPhase section */

/* Begin PBXTargetDependency section */
		46FC8DC525F41D200009E536 /* PBXTargetDependency */ = {
			isa = PBXTargetDependency;
			target = 46FC8DAC25F41D200009E536 /* Lab08-TableView */;
			targetProxy = 46FC8DC425F41D200009E536 /* PBXContainerItemProxy */;
		};
		46FC8DD025F41D200009E536 /* PBXTargetDependency */ = {
			isa = PBXTargetDependency;
			target = 46FC8DAC25F41D200009E536 /* Lab08-TableView */;
			targetProxy = 46FC8DCF25F41D200009E536 /* PBXContainerItemProxy */;
		};
/* End PBXTargetDependency section */

/* Begin PBXVariantGroup section */
		46FC8DB625F41D200009E536 /* Main.storyboard */ = {
			isa = PBXVariantGroup;
			children = (
				46FC8DB725F41D200009E536 /* Base */,
			);
			name = Main.storyboard;
			sourceTree = "<group>";
		};
		46FC8DBB25F41D200009E536 /* LaunchScreen.storyboard */ = {
			isa = PBXVariantGroup;
			children = (
				46FC8DBC25F41D200009E536 /* Base */,
			);
			name = LaunchScreen.storyboard;
			sourceTree = "<group>";
		};
/* End PBXVariantGroup section */

/* Begin XCBuildConfiguration section */
		46FC8DD525F41D200009E536 /* Debug */ = {
			isa = XCBuildConfiguration;
			buildSettings = {
				ALWAYS_SEARCH_USER_PATHS = NO;
				CLANG_ANALYZER_NONNULL = YES;
				CLANG_ANALYZER_NUMBER_OBJECT_CONVERSION = YES_AGGRESSIVE;
				CLANG_CXX_LANGUAGE_STANDARD = "gnu++14";
				CLANG_CXX_LIBRARY = "libc++";
				CLANG_ENABLE_MODULES = YES;
				CLANG_ENABLE_OBJC_ARC = YES;
				CLANG_ENABLE_OBJC_WEAK = YES;
				CLANG_WARN_BLOCK_CAPTURE_AUTORELEASING = YES;
				CLANG_WARN_BOOL_CONVERSION = YES;
				CLANG_WARN_COMMA = YES;
				CLANG_WARN_CONSTANT_CONVERSION = YES;
				CLANG_WARN_DEPRECATED_OBJC_IMPLEMENTATIONS = YES;
				CLANG_WARN_DIRECT_OBJC_ISA_USAGE = YES_ERROR;
				CLANG_WARN_DOCUMENTATION_COMMENTS = YES;
				CLANG_WARN_EMPTY_BODY = YES;
				CLANG_WARN_ENUM_CONVERSION = YES;
				CLANG_WARN_INFINITE_RECURSION = YES;
				CLANG_WARN_INT_CONVERSION = YES;
				CLANG_WARN_NON_LITERAL_NULL_CONVERSION = YES;
				CLANG_WARN_OBJC_IMPLICIT_RETAIN_SELF = YES;
				CLANG_WARN_OBJC_LITERAL_CONVERSION = YES;
				CLANG_WARN_OBJC_ROOT_CLASS = YES_ERROR;
				CLANG_WARN_QUOTED_INCLUDE_IN_FRAMEWORK_HEADER = YES;
				CLANG_WARN_RANGE_LOOP_ANALYSIS = YES;
				CLANG_WARN_STRICT_PROTOTYPES = YES;
				CLANG_WARN_SUSPICIOUS_MOVE = YES;
				CLANG_WARN_UNGUARDED_AVAILABILITY = YES_AGGRESSIVE;
				CLANG_WARN_UNREACHABLE_CODE = YES;
				CLANG_WARN__DUPLICATE_METHOD_MATCH = YES;
				COPY_PHASE_STRIP = NO;
				DEBUG_INFORMATION_FORMAT = dwarf;
				ENABLE_STRICT_OBJC_MSGSEND = YES;
				ENABLE_TESTABILITY = YES;
				GCC_C_LANGUAGE_STANDARD = gnu11;
				GCC_DYNAMIC_NO_PIC = NO;
				GCC_NO_COMMON_BLOCKS = YES;
				GCC_OPTIMIZATION_LEVEL = 0;
				GCC_PREPROCESSOR_DEFINITIONS = (
					"DEBUG=1",
					"$(inherited)",
				);
				GCC_WARN_64_TO_32_BIT_CONVERSION = YES;
				GCC_WARN_ABOUT_RETURN_TYPE = YES_ERROR;
				GCC_WARN_UNDECLARED_SELECTOR = YES;
				GCC_WARN_UNINITIALIZED_AUTOS = YES_AGGRESSIVE;
				GCC_WARN_UNUSED_FUNCTION = YES;
				GCC_WARN_UNUSED_VARIABLE = YES;
				IPHONEOS_DEPLOYMENT_TARGET = 14.4;
				MTL_ENABLE_DEBUG_INFO = INCLUDE_SOURCE;
				MTL_FAST_MATH = YES;
				ONLY_ACTIVE_ARCH = YES;
				SDKROOT = iphoneos;
				SWIFT_ACTIVE_COMPILATION_CONDITIONS = DEBUG;
				SWIFT_OPTIMIZATION_LEVEL = "-Onone";
			};
			name = Debug;
		};
		46FC8DD625F41D200009E536 /* Release */ = {
			isa = XCBuildConfiguration;
			buildSettings = {
				ALWAYS_SEARCH_USER_PATHS = NO;
				CLANG_ANALYZER_NONNULL = YES;
				CLANG_ANALYZER_NUMBER_OBJECT_CONVERSION = YES_AGGRESSIVE;
				CLANG_CXX_LANGUAGE_STANDARD = "gnu++14";
				CLANG_CXX_LIBRARY = "libc++";
				CLANG_ENABLE_MODULES = YES;
				CLANG_ENABLE_OBJC_ARC = YES;
				CLANG_ENABLE_OBJC_WEAK = YES;
				CLANG_WARN_BLOCK_CAPTURE_AUTORELEASING = YES;
				CLANG_WARN_BOOL_CONVERSION = YES;
				CLANG_WARN_COMMA = YES;
				CLANG_WARN_CONSTANT_CONVERSION = YES;
				CLANG_WARN_DEPRECATED_OBJC_IMPLEMENTATIONS = YES;
				CLANG_WARN_DIRECT_OBJC_ISA_USAGE = YES_ERROR;
				CLANG_WARN_DOCUMENTATION_COMMENTS = YES;
				CLANG_WARN_EMPTY_BODY = YES;
				CLANG_WARN_ENUM_CONVERSION = YES;
				CLANG_WARN_INFINITE_RECURSION = YES;
				CLANG_WARN_INT_CONVERSION = YES;
				CLANG_WARN_NON_LITERAL_NULL_CONVERSION = YES;
				CLANG_WARN_OBJC_IMPLICIT_RETAIN_SELF = YES;
				CLANG_WARN_OBJC_LITERAL_CONVERSION = YES;
				CLANG_WARN_OBJC_ROOT_CLASS = YES_ERROR;
				CLANG_WARN_QUOTED_INCLUDE_IN_FRAMEWORK_HEADER = YES;
				CLANG_WARN_RANGE_LOOP_ANALYSIS = YES;
				CLANG_WARN_STRICT_PROTOTYPES = YES;
				CLANG_WARN_SUSPICIOUS_MOVE = YES;
				CLANG_WARN_UNGUARDED_AVAILABILITY = YES_AGGRESSIVE;
				CLANG_WARN_UNREACHABLE_CODE = YES;
				CLANG_WARN__DUPLICATE_METHOD_MATCH = YES;
				COPY_PHASE_STRIP = NO;
				DEBUG_INFORMATION_FORMAT = "dwarf-with-dsym";
				ENABLE_NS_ASSERTIONS = NO;
				ENABLE_STRICT_OBJC_MSGSEND = YES;
				GCC_C_LANGUAGE_STANDARD = gnu11;
				GCC_NO_COMMON_BLOCKS = YES;
				GCC_WARN_64_TO_32_BIT_CONVERSION = YES;
				GCC_WARN_ABOUT_RETURN_TYPE = YES_ERROR;
				GCC_WARN_UNDECLARED_SELECTOR = YES;
				GCC_WARN_UNINITIALIZED_AUTOS = YES_AGGRESSIVE;
				GCC_WARN_UNUSED_FUNCTION = YES;
				GCC_WARN_UNUSED_VARIABLE = YES;
				IPHONEOS_DEPLOYMENT_TARGET = 14.4;
				MTL_ENABLE_DEBUG_INFO = NO;
				MTL_FAST_MATH = YES;
				SDKROOT = iphoneos;
				SWIFT_COMPILATION_MODE = wholemodule;
				SWIFT_OPTIMIZATION_LEVEL = "-O";
				VALIDATE_PRODUCT = YES;
			};
			name = Release;
		};
		46FC8DD825F41D200009E536 /* Debug */ = {
			isa = XCBuildConfiguration;
			buildSettings = {
				ASSETCATALOG_COMPILER_APPICON_NAME = AppIcon;
				ASSETCATALOG_COMPILER_GLOBAL_ACCENT_COLOR_NAME = AccentColor;
				CODE_SIGN_STYLE = Automatic;
				DEVELOPMENT_TEAM = LPY5773K29;
				INFOPLIST_FILE = "Lab08-TableView/Info.plist";
				LD_RUNPATH_SEARCH_PATHS = (
					"$(inherited)",
					"@executable_path/Frameworks",
				);
				PRODUCT_BUNDLE_IDENTIFIER = "edu.tric.it.Lab08-TableView";
				PRODUCT_NAME = "$(TARGET_NAME)";
				SWIFT_VERSION = 5.0;
				TARGETED_DEVICE_FAMILY = "1,2";
			};
			name = Debug;
		};
		46FC8DD925F41D200009E536 /* Release */ = {
			isa = XCBuildConfiguration;
			buildSettings = {
				ASSETCATALOG_COMPILER_APPICON_NAME = AppIcon;
				ASSETCATALOG_COMPILER_GLOBAL_ACCENT_COLOR_NAME = AccentColor;
				CODE_SIGN_STYLE = Automatic;
				DEVELOPMENT_TEAM = LPY5773K29;
				INFOPLIST_FILE = "Lab08-TableView/Info.plist";
				LD_RUNPATH_SEARCH_PATHS = (
					"$(inherited)",
					"@executable_path/Frameworks",
				);
				PRODUCT_BUNDLE_IDENTIFIER = "edu.tric.it.Lab08-TableView";
				PRODUCT_NAME = "$(TARGET_NAME)";
				SWIFT_VERSION = 5.0;
				TARGETED_DEVICE_FAMILY = "1,2";
			};
			name = Release;
		};
		46FC8DDB25F41D200009E536 /* Debug */ = {
			isa = XCBuildConfiguration;
			buildSettings = {
				ALWAYS_EMBED_SWIFT_STANDARD_LIBRARIES = YES;
				BUNDLE_LOADER = "$(TEST_HOST)";
				CODE_SIGN_STYLE = Automatic;
				DEVELOPMENT_TEAM = LPY5773K29;
				INFOPLIST_FILE = "Lab08-TableViewTests/Info.plist";
				IPHONEOS_DEPLOYMENT_TARGET = 14.4;
				LD_RUNPATH_SEARCH_PATHS = (
					"$(inherited)",
					"@executable_path/Frameworks",
					"@loader_path/Frameworks",
				);
				PRODUCT_BUNDLE_IDENTIFIER = "edu.tric.it.Lab08-TableViewTests";
				PRODUCT_NAME = "$(TARGET_NAME)";
				SWIFT_VERSION = 5.0;
				TARGETED_DEVICE_FAMILY = "1,2";
				TEST_HOST = "$(BUILT_PRODUCTS_DIR)/Lab08-TableView.app/Lab08-TableView";
			};
			name = Debug;
		};
		46FC8DDC25F41D200009E536 /* Release */ = {
			isa = XCBuildConfiguration;
			buildSettings = {
				ALWAYS_EMBED_SWIFT_STANDARD_LIBRARIES = YES;
				BUNDLE_LOADER = "$(TEST_HOST)";
				CODE_SIGN_STYLE = Automatic;
				DEVELOPMENT_TEAM = LPY5773K29;
				INFOPLIST_FILE = "Lab08-TableViewTests/Info.plist";
				IPHONEOS_DEPLOYMENT_TARGET = 14.4;
				LD_RUNPATH_SEARCH_PATHS = (
					"$(inherited)",
					"@executable_path/Frameworks",
					"@loader_path/Frameworks",
				);
				PRODUCT_BUNDLE_IDENTIFIER = "edu.tric.it.Lab08-TableViewTests";
				PRODUCT_NAME = "$(TARGET_NAME)";
				SWIFT_VERSION = 5.0;
				TARGETED_DEVICE_FAMILY = "1,2";
				TEST_HOST = "$(BUILT_PRODUCTS_DIR)/Lab08-TableView.app/Lab08-TableView";
			};
			name = Release;
		};
		46FC8DDE25F41D200009E536 /* Debug */ = {
			isa = XCBuildConfiguration;
			buildSettings = {
				ALWAYS_EMBED_SWIFT_STANDARD_LIBRARIES = YES;
				CODE_SIGN_STYLE = Automatic;
				DEVELOPMENT_TEAM = LPY5773K29;
				INFOPLIST_FILE = "Lab08-TableViewUITests/Info.plist";
				LD_RUNPATH_SEARCH_PATHS = (
					"$(inherited)",
					"@executable_path/Frameworks",
					"@loader_path/Frameworks",
				);
				PRODUCT_BUNDLE_IDENTIFIER = "edu.tric.it.Lab08-TableViewUITests";
				PRODUCT_NAME = "$(TARGET_NAME)";
				SWIFT_VERSION = 5.0;
				TARGETED_DEVICE_FAMILY = "1,2";
				TEST_TARGET_NAME = "Lab08-TableView";
			};
			name = Debug;
		};
		46FC8DDF25F41D200009E536 /* Release */ = {
			isa = XCBuildConfiguration;
			buildSettings = {
				ALWAYS_EMBED_SWIFT_STANDARD_LIBRARIES = YES;
				CODE_SIGN_STYLE = Automatic;
				DEVELOPMENT_TEAM = LPY5773K29;
				INFOPLIST_FILE = "Lab08-TableViewUITests/Info.plist";
				LD_RUNPATH_SEARCH_PATHS = (
					"$(inherited)",
					"@executable_path/Frameworks",
					"@loader_path/Frameworks",
				);
				PRODUCT_BUNDLE_IDENTIFIER = "edu.tric.it.Lab08-TableViewUITests";
				PRODUCT_NAME = "$(TARGET_NAME)";
				SWIFT_VERSION = 5.0;
				TARGETED_DEVICE_FAMILY = "1,2";
				TEST_TARGET_NAME = "Lab08-TableView";
			};
			name = Release;
		};
/* End XCBuildConfiguration section */

/* Begin XCConfigurationList section */
		46FC8DA825F41D200009E536 /* Build configuration list for PBXProject "Lab08-TableView" */ = {
			isa = XCConfigurationList;
			buildConfigurations = (
				46FC8DD525F41D200009E536 /* Debug */,
				46FC8DD625F41D200009E536 /* Release */,
			);
			defaultConfigurationIsVisible = 0;
			defaultConfigurationName = Release;
		};
		46FC8DD725F41D200009E536 /* Build configuration list for PBXNativeTarget "Lab08-TableView" */ = {
			isa = XCConfigurationList;
			buildConfigurations = (
				46FC8DD825F41D200009E536 /* Debug */,
				46FC8DD925F41D200009E536 /* Release */,
			);
			defaultConfigurationIsVisible = 0;
			defaultConfigurationName = Release;
		};
		46FC8DDA25F41D200009E536 /* Build configuration list for PBXNativeTarget "Lab08-TableViewTests" */ = {
			isa = XCConfigurationList;
			buildConfigurations = (
				46FC8DDB25F41D200009E536 /* Debug */,
				46FC8DDC25F41D200009E536 /* Release */,
			);
			defaultConfigurationIsVisible = 0;
			defaultConfigurationName = Release;
		};
		46FC8DDD25F41D200009E536 /* Build configuration list for PBXNativeTarget "Lab08-TableViewUITests" */ = {
			isa = XCConfigurationList;
			buildConfigurations = (
				46FC8DDE25F41D200009E536 /* Debug */,
				46FC8DDF25F41D200009E536 /* Release */,
			);
			defaultConfigurationIsVisible = 0;
			defaultConfigurationName = Release;
		};
/* End XCConfigurationList section */
	};
	rootObject = 46FC8DA525F41D200009E536 /* Project object */;
}
